
Microsoft Visual Studio Solution File, Format Version 12.00
# Visual Studio 15
VisualStudioVersion = 15.0.28307.329
MinimumVisualStudioVersion = 10.0.40219.1
Project("{8BC9CEB8-8B4A-11D0-8D11-00A0C91BC942}") = "opcua-remote-control-server", "opcua-remote-control-server.vcxproj", "{1C55DEBB-47D7-41EC-AADC-451D50D39EA2}"
EndProject
Global
	GlobalSection(SolutionConfigurationPlatforms) = preSolution
		Debug|x64 = Debug|x64
		Debug|x86 = Debug|x86
		Release|x64 = Release|x64
		Release|x86 = Release|x86
	EndGlobalSection
	GlobalSection(ProjectConfigurationPlatforms) = postSolution
		{1C55DEBB-47D7-41EC-AADC-451D50D39EA2}.Debug|x64.ActiveCfg = Debug|x64
		{1C55DEBB-47D7-41EC-AADC-451D50D39EA2}.Debug|x64.Build.0 = Debug|x64
		{1C55DEBB-47D7-41EC-AADC-451D50D39EA2}.Debug|x86.ActiveCfg = Debug|Win32
		{1C55DEBB-47D7-41EC-AADC-451D50D39EA2}.Debug|x86.Build.0 = Debug|Win32
		{1C55DEBB-47D7-41EC-AADC-451D50D39EA2}.Release|x64.ActiveCfg = Release|x64
		{1C55DEBB-47D7-41EC-AADC-451D50D39EA2}.Release|x64.Build.0 = Release|x64
		{1C55DEBB-47D7-41EC-AADC-451D50D39EA2}.Release|x86.ActiveCfg = Release|Win32
		{1C55DEBB-47D7-41EC-AADC-451D50D39EA2}.Release|x86.Build.0 = Release|Win32
	EndGlobalSection
	GlobalSection(SolutionProperties) = preSolution
		HideSolutionNode = FALSE
	EndGlobalSection
	GlobalSection(ExtensibilityGlobals) = postSolution
		SolutionGuid = {3C889FD2-4CF3-4338-A7C6-9568A21096E2}
	EndGlobalSection
EndGlobal
